
Microsoft Visual Studio Solution File, Format Version 12.00
# Visual Studio Version 17
VisualStudioVersion = 17.14.36429.23
MinimumVisualStudioVersion = 10.0.40219.1
Project("{2150E333-8FDC-42A3-9474-1A3956D46DE8}") = "Core", "Core", "{02EA681E-C7D8-13C7-8484-4AC65E1B71E8}"
EndProject
Project("{FAE04EC0-301F-11D3-BF4B-00C04F79EFBC}") = "DanplannerBooking.Domain", "DanplannerBooking.Domain\DanplannerBooking.Domain.csproj", "{422CC9B6-7A37-4142-815B-D8D63F9C6C93}"
EndProject
Project("{FAE04EC0-301F-11D3-BF4B-00C04F79EFBC}") = "DanplannerBooking.Application", "DanplannerBooking.Application\DanplannerBooking.Application.csproj", "{B27158DA-9E50-4406-A127-AFD87BFB3844}"
EndProject
Project("{FAE04EC0-301F-11D3-BF4B-00C04F79EFBC}") = "DanplannerBooking.Infrastructure", "DanplannerBooking.Infrastructure\DanplannerBooking.Infrastructure.csproj", "{49108076-4A5F-48E6-A257-A2F77617F7F9}"
EndProject
Project("{FAE04EC0-301F-11D3-BF4B-00C04F79EFBC}") = "DanplannerBooking.Api", "DanplannerBooking.Api\DanplannerBooking.Api.csproj", "{9915EB32-4F13-4086-8ACC-218FC1C250EA}"
EndProject
Project("{FAE04EC0-301F-11D3-BF4B-00C04F79EFBC}") = "DanplannerBooking.Ui", "DanplannerBooking.Ui\DanplannerBooking.Ui.csproj", "{C46965DB-BD87-4F7D-8B1C-E029B7F7C063}"
EndProject
Project("{FAE04EC0-301F-11D3-BF4B-00C04F79EFBC}") = "DanplannerBooking.UnitTests", "DanplannerBooking.UnitTests\DanplannerBooking.UnitTests.csproj", "{A6CB4B49-D878-4547-8D91-C0805C3BBC86}"
EndProject
Global
	GlobalSection(SolutionConfigurationPlatforms) = preSolution
		Debug|Any CPU = Debug|Any CPU
		Release|Any CPU = Release|Any CPU
	EndGlobalSection
	GlobalSection(ProjectConfigurationPlatforms) = postSolution
		{422CC9B6-7A37-4142-815B-D8D63F9C6C93}.Debug|Any CPU.ActiveCfg = Debug|Any CPU
		{422CC9B6-7A37-4142-815B-D8D63F9C6C93}.Debug|Any CPU.Build.0 = Debug|Any CPU
		{422CC9B6-7A37-4142-815B-D8D63F9C6C93}.Release|Any CPU.ActiveCfg = Release|Any CPU
		{422CC9B6-7A37-4142-815B-D8D63F9C6C93}.Release|Any CPU.Build.0 = Release|Any CPU
		{B27158DA-9E50-4406-A127-AFD87BFB3844}.Debug|Any CPU.ActiveCfg = Debug|Any CPU
		{B27158DA-9E50-4406-A127-AFD87BFB3844}.Debug|Any CPU.Build.0 = Debug|Any CPU
		{B27158DA-9E50-4406-A127-AFD87BFB3844}.Release|Any CPU.ActiveCfg = Release|Any CPU
		{B27158DA-9E50-4406-A127-AFD87BFB3844}.Release|Any CPU.Build.0 = Release|Any CPU
		{49108076-4A5F-48E6-A257-A2F77617F7F9}.Debug|Any CPU.ActiveCfg = Debug|Any CPU
		{49108076-4A5F-48E6-A257-A2F77617F7F9}.Debug|Any CPU.Build.0 = Debug|Any CPU
		{49108076-4A5F-48E6-A257-A2F77617F7F9}.Release|Any CPU.ActiveCfg = Release|Any CPU
		{49108076-4A5F-48E6-A257-A2F77617F7F9}.Release|Any CPU.Build.0 = Release|Any CPU
		{9915EB32-4F13-4086-8ACC-218FC1C250EA}.Debug|Any CPU.ActiveCfg = Debug|Any CPU
		{9915EB32-4F13-4086-8ACC-218FC1C250EA}.Debug|Any CPU.Build.0 = Debug|Any CPU
		{9915EB32-4F13-4086-8ACC-218FC1C250EA}.Release|Any CPU.ActiveCfg = Release|Any CPU
		{9915EB32-4F13-4086-8ACC-218FC1C250EA}.Release|Any CPU.Build.0 = Release|Any CPU
		{C46965DB-BD87-4F7D-8B1C-E029B7F7C063}.Debug|Any CPU.ActiveCfg = Debug|Any CPU
		{C46965DB-BD87-4F7D-8B1C-E029B7F7C063}.Debug|Any CPU.Build.0 = Debug|Any CPU
		{C46965DB-BD87-4F7D-8B1C-E029B7F7C063}.Release|Any CPU.ActiveCfg = Release|Any CPU
		{C46965DB-BD87-4F7D-8B1C-E029B7F7C063}.Release|Any CPU.Build.0 = Release|Any CPU
		{A6CB4B49-D878-4547-8D91-C0805C3BBC86}.Debug|Any CPU.ActiveCfg = Debug|Any CPU
		{A6CB4B49-D878-4547-8D91-C0805C3BBC86}.Debug|Any CPU.Build.0 = Debug|Any CPU
		{A6CB4B49-D878-4547-8D91-C0805C3BBC86}.Release|Any CPU.ActiveCfg = Release|Any CPU
		{A6CB4B49-D878-4547-8D91-C0805C3BBC86}.Release|Any CPU.Build.0 = Release|Any CPU
	EndGlobalSection
	GlobalSection(SolutionProperties) = preSolution
		HideSolutionNode = FALSE
	EndGlobalSection
	GlobalSection(NestedProjects) = preSolution
		{422CC9B6-7A37-4142-815B-D8D63F9C6C93} = {02EA681E-C7D8-13C7-8484-4AC65E1B71E8}
		{B27158DA-9E50-4406-A127-AFD87BFB3844} = {02EA681E-C7D8-13C7-8484-4AC65E1B71E8}
	EndGlobalSection
	GlobalSection(ExtensibilityGlobals) = postSolution
		SolutionGuid = {DC41E9C4-7AB5-4220-A485-78FD30ECD990}
	EndGlobalSection
EndGlobal
